
Microsoft Visual Studio Solution File, Format Version 12.00
# Visual Studio Version 16
VisualStudioVersion = 16.0.29230.47
MinimumVisualStudioVersion = 10.0.40219.1
Project("{FAE04EC0-301F-11D3-BF4B-00C04F79EFBC}") = "MyGameWin", "MyGameWin.csproj", "{A9DCAC72-BC77-4C33-BE70-BBFD31D7C798}"
EndProject
Project("{FAE04EC0-301F-11D3-BF4B-00C04F79EFBC}") = "MyGameWinTests", "..\MyGameWinTests\MyGameWinTests.csproj", "{5F77F87E-F9C2-4EC8-B8E0-7981F261C5EE}"
EndProject
Global
	GlobalSection(SolutionConfigurationPlatforms) = preSolution
		Debug|Any CPU = Debug|Any CPU
		Debug|x86 = Debug|x86
		Debug-Windows|Any CPU = Debug-Windows|Any CPU
		Debug-Windows|x86 = Debug-Windows|x86
		Release|Any CPU = Release|Any CPU
		Release|x86 = Release|x86
	EndGlobalSection
	GlobalSection(ProjectConfigurationPlatforms) = postSolution
		{A9DCAC72-BC77-4C33-BE70-BBFD31D7C798}.Debug|Any CPU.ActiveCfg = Debug-Windows|x86
		{A9DCAC72-BC77-4C33-BE70-BBFD31D7C798}.Debug|Any CPU.Build.0 = Debug-Windows|x86
		{A9DCAC72-BC77-4C33-BE70-BBFD31D7C798}.Debug|x86.ActiveCfg = Debug-Windows|x86
		{A9DCAC72-BC77-4C33-BE70-BBFD31D7C798}.Debug|x86.Build.0 = Debug-Windows|x86
		{A9DCAC72-BC77-4C33-BE70-BBFD31D7C798}.Debug-Windows|Any CPU.ActiveCfg = Debug-Windows|x86
		{A9DCAC72-BC77-4C33-BE70-BBFD31D7C798}.Debug-Windows|x86.ActiveCfg = Debug-Windows|x86
		{A9DCAC72-BC77-4C33-BE70-BBFD31D7C798}.Debug-Windows|x86.Build.0 = Debug-Windows|x86
		{A9DCAC72-BC77-4C33-BE70-BBFD31D7C798}.Release|Any CPU.ActiveCfg = Debug-Windows|x86
		{A9DCAC72-BC77-4C33-BE70-BBFD31D7C798}.Release|Any CPU.Build.0 = Debug-Windows|x86
		{A9DCAC72-BC77-4C33-BE70-BBFD31D7C798}.Release|x86.ActiveCfg = Debug-Windows|x86
		{A9DCAC72-BC77-4C33-BE70-BBFD31D7C798}.Release|x86.Build.0 = Debug-Windows|x86
		{5F77F87E-F9C2-4EC8-B8E0-7981F261C5EE}.Debug|Any CPU.ActiveCfg = Debug|Any CPU
		{5F77F87E-F9C2-4EC8-B8E0-7981F261C5EE}.Debug|Any CPU.Build.0 = Debug|Any CPU
		{5F77F87E-F9C2-4EC8-B8E0-7981F261C5EE}.Debug|x86.ActiveCfg = Debug|Any CPU
		{5F77F87E-F9C2-4EC8-B8E0-7981F261C5EE}.Debug|x86.Build.0 = Debug|Any CPU
		{5F77F87E-F9C2-4EC8-B8E0-7981F261C5EE}.Debug-Windows|Any CPU.ActiveCfg = Debug|Any CPU
		{5F77F87E-F9C2-4EC8-B8E0-7981F261C5EE}.Debug-Windows|Any CPU.Build.0 = Debug|Any CPU
		{5F77F87E-F9C2-4EC8-B8E0-7981F261C5EE}.Debug-Windows|x86.ActiveCfg = Debug|Any CPU
		{5F77F87E-F9C2-4EC8-B8E0-7981F261C5EE}.Debug-Windows|x86.Build.0 = Debug|Any CPU
		{5F77F87E-F9C2-4EC8-B8E0-7981F261C5EE}.Release|Any CPU.ActiveCfg = Release|Any CPU
		{5F77F87E-F9C2-4EC8-B8E0-7981F261C5EE}.Release|Any CPU.Build.0 = Release|Any CPU
		{5F77F87E-F9C2-4EC8-B8E0-7981F261C5EE}.Release|x86.ActiveCfg = Release|Any CPU
		{5F77F87E-F9C2-4EC8-B8E0-7981F261C5EE}.Release|x86.Build.0 = Release|Any CPU
	EndGlobalSection
	GlobalSection(SolutionProperties) = preSolution
		HideSolutionNode = FALSE
	EndGlobalSection
	GlobalSection(ExtensibilityGlobals) = postSolution
		SolutionGuid = {E7B801BB-3A42-4F04-9403-0FA34D2B4CD5}
	EndGlobalSection
	GlobalSection(MonoDevelopProperties) = preSolution
		Policies = $0
		$0.DotNetNamingPolicy = $1
		$1.DirectoryNamespaceAssociation = None
		$1.ResourceNamePolicy = FileFormatDefault
		$0.TextStylePolicy = $2
		$2.inheritsSet = null
		$2.scope = text/x-csharp
		$0.CSharpFormattingPolicy = $3
		$3.PropertyBraceStyle = NextLine
		$3.PropertyGetBraceStyle = NextLine
		$3.PropertySetBraceStyle = NextLine
		$3.EventBraceStyle = NextLine
		$3.EventAddBraceStyle = NextLine
		$3.EventRemoveBraceStyle = NextLine
		$3.StatementBraceStyle = NextLine
		$3.ElseNewLinePlacement = NewLine
		$3.CatchNewLinePlacement = NewLine
		$3.FinallyNewLinePlacement = NewLine
		$3.AfterDelegateDeclarationParameterComma = True
		$3.inheritsSet = Mono
		$3.inheritsScope = text/x-csharp
		$3.scope = text/x-csharp
		StartupItem = MyGameMac.csproj
	EndGlobalSection
EndGlobal
